
Microsoft Visual Studio Solution File, Format Version 12.00
# Visual Studio 15
VisualStudioVersion = 15.0.27130.2027
MinimumVisualStudioVersion = 10.0.40219.1
Project("{FAE04EC0-301F-11D3-BF4B-00C04F79EFBC}") = "GameOn", "GameOn\GameOn.csproj", "{C145DDE7-6642-4748-B9A5-2B4C4B8A7529}"
EndProject
Project("{FAE04EC0-301F-11D3-BF4B-00C04F79EFBC}") = "GameOn.Web", "GameOn.Web\GameOn.Web.csproj", "{153A4367-9F22-4249-B0BA-E6F3CE42738A}"
EndProject
Project("{FAE04EC0-301F-11D3-BF4B-00C04F79EFBC}") = "GameOn.Model", "GameOn.Model\GameOn.Model.csproj", "{BEF89C49-7A4B-4704-B94D-E990FA06FBB1}"
EndProject
Project("{FAE04EC0-301F-11D3-BF4B-00C04F79EFBC}") = "GameOn.Repository", "GameOn.Repository\GameOn.Repository.csproj", "{F1322242-2677-4927-9271-87AD4220FBC6}"
EndProject
Global
	GlobalSection(SolutionConfigurationPlatforms) = preSolution
		Debug|Any CPU = Debug|Any CPU
		Release|Any CPU = Release|Any CPU
	EndGlobalSection
	GlobalSection(ProjectConfigurationPlatforms) = postSolution
		{C145DDE7-6642-4748-B9A5-2B4C4B8A7529}.Debug|Any CPU.ActiveCfg = Debug|Any CPU
		{C145DDE7-6642-4748-B9A5-2B4C4B8A7529}.Debug|Any CPU.Build.0 = Debug|Any CPU
		{C145DDE7-6642-4748-B9A5-2B4C4B8A7529}.Release|Any CPU.ActiveCfg = Release|Any CPU
		{C145DDE7-6642-4748-B9A5-2B4C4B8A7529}.Release|Any CPU.Build.0 = Release|Any CPU
		{153A4367-9F22-4249-B0BA-E6F3CE42738A}.Debug|Any CPU.ActiveCfg = Debug|Any CPU
		{153A4367-9F22-4249-B0BA-E6F3CE42738A}.Debug|Any CPU.Build.0 = Debug|Any CPU
		{153A4367-9F22-4249-B0BA-E6F3CE42738A}.Release|Any CPU.ActiveCfg = Release|Any CPU
		{153A4367-9F22-4249-B0BA-E6F3CE42738A}.Release|Any CPU.Build.0 = Release|Any CPU
		{BEF89C49-7A4B-4704-B94D-E990FA06FBB1}.Debug|Any CPU.ActiveCfg = Debug|Any CPU
		{BEF89C49-7A4B-4704-B94D-E990FA06FBB1}.Debug|Any CPU.Build.0 = Debug|Any CPU
		{BEF89C49-7A4B-4704-B94D-E990FA06FBB1}.Release|Any CPU.ActiveCfg = Release|Any CPU
		{BEF89C49-7A4B-4704-B94D-E990FA06FBB1}.Release|Any CPU.Build.0 = Release|Any CPU
		{F1322242-2677-4927-9271-87AD4220FBC6}.Debug|Any CPU.ActiveCfg = Debug|Any CPU
		{F1322242-2677-4927-9271-87AD4220FBC6}.Debug|Any CPU.Build.0 = Debug|Any CPU
		{F1322242-2677-4927-9271-87AD4220FBC6}.Release|Any CPU.ActiveCfg = Release|Any CPU
		{F1322242-2677-4927-9271-87AD4220FBC6}.Release|Any CPU.Build.0 = Release|Any CPU
	EndGlobalSection
	GlobalSection(SolutionProperties) = preSolution
		HideSolutionNode = FALSE
	EndGlobalSection
	GlobalSection(ExtensibilityGlobals) = postSolution
		SolutionGuid = {6B256501-CE80-48FC-9E48-5A2E5778C3E0}
	EndGlobalSection
EndGlobal
